
Microsoft Visual Studio Solution File, Format Version 12.00
# Visual Studio Version 17
VisualStudioVersion = 17.2.32526.322
MinimumVisualStudioVersion = 10.0.40219.1
Project("{FAE04EC0-301F-11D3-BF4B-00C04F79EFBC}") = "Timetable.RazorWeb", "Timetable.Web\Timetable.RazorWeb.csproj", "{94782944-FDB2-4004-AAB8-78942959E0BB}"
EndProject
Global
	GlobalSection(SolutionConfigurationPlatforms) = preSolution
		Debug|Any CPU = Debug|Any CPU
		Release|Any CPU = Release|Any CPU
	EndGlobalSection
	GlobalSection(ProjectConfigurationPlatforms) = postSolution
		{94782944-FDB2-4004-AAB8-78942959E0BB}.Debug|Any CPU.ActiveCfg = Debug|Any CPU
		{94782944-FDB2-4004-AAB8-78942959E0BB}.Debug|Any CPU.Build.0 = Debug|Any CPU
		{94782944-FDB2-4004-AAB8-78942959E0BB}.Release|Any CPU.ActiveCfg = Release|Any CPU
		{94782944-FDB2-4004-AAB8-78942959E0BB}.Release|Any CPU.Build.0 = Release|Any CPU
	EndGlobalSection
	GlobalSection(SolutionProperties) = preSolution
		HideSolutionNode = FALSE
	EndGlobalSection
	GlobalSection(ExtensibilityGlobals) = postSolution
		SolutionGuid = {7E5B98C3-FB80-489D-A881-C25A4E8A2F42}
	EndGlobalSection
EndGlobal
