
Microsoft Visual Studio Solution File, Format Version 12.00
# Visual Studio Version 17
VisualStudioVersion = 17.2.32526.322
MinimumVisualStudioVersion = 10.0.40219.1
Project("{9A19103F-16F7-4668-BE54-9A1E7A4F7556}") = "GA", "GA\GA.csproj", "{15857A5E-AF93-4133-B70C-D3F285CFC693}"
EndProject
Project("{9A19103F-16F7-4668-BE54-9A1E7A4F7556}") = "Model", "Model\Model.csproj", "{8B169FF9-5B9A-4C4F-94C4-EB3D2C8DB8B4}"
EndProject
Project("{FAE04EC0-301F-11D3-BF4B-00C04F79EFBC}") = "MemoryDB", "MemoryDB\MemoryDB.csproj", "{DC10CE73-7351-4B35-8A56-70FA40DD1D8B}"
EndProject
Global
	GlobalSection(SolutionConfigurationPlatforms) = preSolution
		Debug|Any CPU = Debug|Any CPU
		Release|Any CPU = Release|Any CPU
	EndGlobalSection
	GlobalSection(ProjectConfigurationPlatforms) = postSolution
		{15857A5E-AF93-4133-B70C-D3F285CFC693}.Debug|Any CPU.ActiveCfg = Debug|Any CPU
		{15857A5E-AF93-4133-B70C-D3F285CFC693}.Debug|Any CPU.Build.0 = Debug|Any CPU
		{15857A5E-AF93-4133-B70C-D3F285CFC693}.Release|Any CPU.ActiveCfg = Release|Any CPU
		{15857A5E-AF93-4133-B70C-D3F285CFC693}.Release|Any CPU.Build.0 = Release|Any CPU
		{8B169FF9-5B9A-4C4F-94C4-EB3D2C8DB8B4}.Debug|Any CPU.ActiveCfg = Debug|Any CPU
		{8B169FF9-5B9A-4C4F-94C4-EB3D2C8DB8B4}.Debug|Any CPU.Build.0 = Debug|Any CPU
		{8B169FF9-5B9A-4C4F-94C4-EB3D2C8DB8B4}.Release|Any CPU.ActiveCfg = Release|Any CPU
		{8B169FF9-5B9A-4C4F-94C4-EB3D2C8DB8B4}.Release|Any CPU.Build.0 = Release|Any CPU
		{DC10CE73-7351-4B35-8A56-70FA40DD1D8B}.Debug|Any CPU.ActiveCfg = Debug|Any CPU
		{DC10CE73-7351-4B35-8A56-70FA40DD1D8B}.Debug|Any CPU.Build.0 = Debug|Any CPU
		{DC10CE73-7351-4B35-8A56-70FA40DD1D8B}.Release|Any CPU.ActiveCfg = Release|Any CPU
		{DC10CE73-7351-4B35-8A56-70FA40DD1D8B}.Release|Any CPU.Build.0 = Release|Any CPU
	EndGlobalSection
	GlobalSection(SolutionProperties) = preSolution
		HideSolutionNode = FALSE
	EndGlobalSection
	GlobalSection(ExtensibilityGlobals) = postSolution
		SolutionGuid = {97C2BD63-2F11-4BAE-A4B4-4517A81F47E6}
	EndGlobalSection
EndGlobal
